
Microsoft Visual Studio Solution File, Format Version 12.00
# Visual Studio 14
VisualStudioVersion = 14.0.25420.1
MinimumVisualStudioVersion = 10.0.40219.1
Project("{FAE04EC0-301F-11D3-BF4B-00C04F79EFBC}") = "RonftonCard.Main", "RonftonCard.Main\RonftonCard.Main.csproj", "{5DA539F3-FFAC-446E-A452-564702CC24CD}"
EndProject
Project("{FAE04EC0-301F-11D3-BF4B-00C04F79EFBC}") = "RonftonCard.CardReader", "RonftonCard.CardReader\RonftonCard.CardReader.csproj", "{2EA04799-4DDA-46B1-A248-0062BAE1CEB3}"
EndProject
Project("{FAE04EC0-301F-11D3-BF4B-00C04F79EFBC}") = "RonftonCard.Service", "RonftonCard.Service\RonftonCard.Service.csproj", "{3E280DE4-F360-4B2A-9352-99AF5B1C4177}"
EndProject
Project("{FAE04EC0-301F-11D3-BF4B-00C04F79EFBC}") = "RonftonCard.Core", "RonftonCard.Core\RonftonCard.Core.csproj", "{508BB207-C9C8-49C9-8B70-F99185BFF1C4}"
EndProject
Project("{FAE04EC0-301F-11D3-BF4B-00C04F79EFBC}") = "RonftonCard.Dongle", "RonftonCard.Dongle\RonftonCard.Dongle.csproj", "{D10C6A8F-C39C-43D9-9BA4-DF200E59396E}"
EndProject
Project("{FAE04EC0-301F-11D3-BF4B-00C04F79EFBC}") = "RonftonCard.Tester", "RonftonCard.Tester\RonftonCard.Tester.csproj", "{CA4CC5A1-BEF9-45CE-9415-C39099308A1A}"
EndProject
Project("{FAE04EC0-301F-11D3-BF4B-00C04F79EFBC}") = "RonftonCard.KeyService", "RonftonCard.KeyService\RonftonCard.KeyService.csproj", "{CF92F4D6-6F1B-4346-A585-B3378EDF6276}"
EndProject
Global
	GlobalSection(SolutionConfigurationPlatforms) = preSolution
		Debug|Any CPU = Debug|Any CPU
		Release|Any CPU = Release|Any CPU
	EndGlobalSection
	GlobalSection(ProjectConfigurationPlatforms) = postSolution
		{5DA539F3-FFAC-446E-A452-564702CC24CD}.Debug|Any CPU.ActiveCfg = Debug|Any CPU
		{5DA539F3-FFAC-446E-A452-564702CC24CD}.Debug|Any CPU.Build.0 = Debug|Any CPU
		{5DA539F3-FFAC-446E-A452-564702CC24CD}.Release|Any CPU.ActiveCfg = Release|Any CPU
		{5DA539F3-FFAC-446E-A452-564702CC24CD}.Release|Any CPU.Build.0 = Release|Any CPU
		{2EA04799-4DDA-46B1-A248-0062BAE1CEB3}.Debug|Any CPU.ActiveCfg = Debug|Any CPU
		{2EA04799-4DDA-46B1-A248-0062BAE1CEB3}.Debug|Any CPU.Build.0 = Debug|Any CPU
		{2EA04799-4DDA-46B1-A248-0062BAE1CEB3}.Release|Any CPU.ActiveCfg = Release|Any CPU
		{2EA04799-4DDA-46B1-A248-0062BAE1CEB3}.Release|Any CPU.Build.0 = Release|Any CPU
		{3E280DE4-F360-4B2A-9352-99AF5B1C4177}.Debug|Any CPU.ActiveCfg = Debug|Any CPU
		{3E280DE4-F360-4B2A-9352-99AF5B1C4177}.Debug|Any CPU.Build.0 = Debug|Any CPU
		{3E280DE4-F360-4B2A-9352-99AF5B1C4177}.Release|Any CPU.ActiveCfg = Release|Any CPU
		{3E280DE4-F360-4B2A-9352-99AF5B1C4177}.Release|Any CPU.Build.0 = Release|Any CPU
		{508BB207-C9C8-49C9-8B70-F99185BFF1C4}.Debug|Any CPU.ActiveCfg = Debug|Any CPU
		{508BB207-C9C8-49C9-8B70-F99185BFF1C4}.Debug|Any CPU.Build.0 = Debug|Any CPU
		{508BB207-C9C8-49C9-8B70-F99185BFF1C4}.Release|Any CPU.ActiveCfg = Release|Any CPU
		{508BB207-C9C8-49C9-8B70-F99185BFF1C4}.Release|Any CPU.Build.0 = Release|Any CPU
		{D10C6A8F-C39C-43D9-9BA4-DF200E59396E}.Debug|Any CPU.ActiveCfg = Debug|Any CPU
		{D10C6A8F-C39C-43D9-9BA4-DF200E59396E}.Debug|Any CPU.Build.0 = Debug|Any CPU
		{D10C6A8F-C39C-43D9-9BA4-DF200E59396E}.Release|Any CPU.ActiveCfg = Release|Any CPU
		{D10C6A8F-C39C-43D9-9BA4-DF200E59396E}.Release|Any CPU.Build.0 = Release|Any CPU
		{CA4CC5A1-BEF9-45CE-9415-C39099308A1A}.Debug|Any CPU.ActiveCfg = Debug|Any CPU
		{CA4CC5A1-BEF9-45CE-9415-C39099308A1A}.Debug|Any CPU.Build.0 = Debug|Any CPU
		{CA4CC5A1-BEF9-45CE-9415-C39099308A1A}.Release|Any CPU.ActiveCfg = Release|Any CPU
		{CA4CC5A1-BEF9-45CE-9415-C39099308A1A}.Release|Any CPU.Build.0 = Release|Any CPU
		{CF92F4D6-6F1B-4346-A585-B3378EDF6276}.Debug|Any CPU.ActiveCfg = Debug|Any CPU
		{CF92F4D6-6F1B-4346-A585-B3378EDF6276}.Debug|Any CPU.Build.0 = Debug|Any CPU
		{CF92F4D6-6F1B-4346-A585-B3378EDF6276}.Release|Any CPU.ActiveCfg = Release|Any CPU
		{CF92F4D6-6F1B-4346-A585-B3378EDF6276}.Release|Any CPU.Build.0 = Release|Any CPU
	EndGlobalSection
	GlobalSection(SolutionProperties) = preSolution
		HideSolutionNode = FALSE
	EndGlobalSection
EndGlobal
